
Microsoft Visual Studio Solution File, Format Version 12.00
# Visual Studio 15
VisualStudioVersion = 15.0.34526.175
MinimumVisualStudioVersion = 10.0.40219.1
Project("{8BC9CEB8-8B4A-11D0-8D11-00A0C91BC942}") = "DeclaringVariables", "DeclaringVariables\DeclaringVariables.vcxproj", "{3636D5F1-AF3D-4BF0-94CE-CFDBEC5D6729}"
EndProject
Global
	GlobalSection(SolutionConfigurationPlatforms) = preSolution
		Debug|x64 = Debug|x64
		Debug|x86 = Debug|x86
		Release|x64 = Release|x64
		Release|x86 = Release|x86
	EndGlobalSection
	GlobalSection(ProjectConfigurationPlatforms) = postSolution
		{3636D5F1-AF3D-4BF0-94CE-CFDBEC5D6729}.Debug|x64.ActiveCfg = Debug|x64
		{3636D5F1-AF3D-4BF0-94CE-CFDBEC5D6729}.Debug|x64.Build.0 = Debug|x64
		{3636D5F1-AF3D-4BF0-94CE-CFDBEC5D6729}.Debug|x86.ActiveCfg = Debug|Win32
		{3636D5F1-AF3D-4BF0-94CE-CFDBEC5D6729}.Debug|x86.Build.0 = Debug|Win32
		{3636D5F1-AF3D-4BF0-94CE-CFDBEC5D6729}.Release|x64.ActiveCfg = Release|x64
		{3636D5F1-AF3D-4BF0-94CE-CFDBEC5D6729}.Release|x64.Build.0 = Release|x64
		{3636D5F1-AF3D-4BF0-94CE-CFDBEC5D6729}.Release|x86.ActiveCfg = Release|Win32
		{3636D5F1-AF3D-4BF0-94CE-CFDBEC5D6729}.Release|x86.Build.0 = Release|Win32
	EndGlobalSection
	GlobalSection(SolutionProperties) = preSolution
		HideSolutionNode = FALSE
	EndGlobalSection
	GlobalSection(ExtensibilityGlobals) = postSolution
		SolutionGuid = {899DE4F9-570A-4E64-A6FF-19B54CD9CBE4}
	EndGlobalSection
EndGlobal
